
Microsoft Visual Studio Solution File, Format Version 12.00
# Visual Studio 15
Project("{FAE04EC0-301F-11D3-BF4B-00C04F79EFBC}") = "preMadeTracking", "preMadeTracking.csproj", "{1E643B29-61AE-F455-D98F-2194C3C5B330}"
EndProject
Project("{FAE04EC0-301F-11D3-BF4B-00C04F79EFBC}") = "preMadeTracking.Editor", "preMadeTracking.Editor.csproj", "{A619BF5D-3557-538A-B10B-D4F9DED4272D}"
EndProject
Global
	GlobalSection(SolutionConfigurationPlatforms) = preSolution
		Debug|Any CPU = Debug|Any CPU
		Release|Any CPU = Release|Any CPU
	EndGlobalSection
	GlobalSection(ProjectConfigurationPlatforms) = postSolution
		{1E643B29-61AE-F455-D98F-2194C3C5B330}.Debug|Any CPU.ActiveCfg = Debug|Any CPU
		{1E643B29-61AE-F455-D98F-2194C3C5B330}.Debug|Any CPU.Build.0 = Debug|Any CPU
		{1E643B29-61AE-F455-D98F-2194C3C5B330}.Release|Any CPU.ActiveCfg = Release|Any CPU
		{1E643B29-61AE-F455-D98F-2194C3C5B330}.Release|Any CPU.Build.0 = Release|Any CPU
		{A619BF5D-3557-538A-B10B-D4F9DED4272D}.Debug|Any CPU.ActiveCfg = Debug|Any CPU
		{A619BF5D-3557-538A-B10B-D4F9DED4272D}.Debug|Any CPU.Build.0 = Debug|Any CPU
		{A619BF5D-3557-538A-B10B-D4F9DED4272D}.Release|Any CPU.ActiveCfg = Release|Any CPU
		{A619BF5D-3557-538A-B10B-D4F9DED4272D}.Release|Any CPU.Build.0 = Release|Any CPU
	EndGlobalSection
	GlobalSection(SolutionProperties) = preSolution
		HideSolutionNode = FALSE
	EndGlobalSection
EndGlobal
